
Microsoft Visual Studio Solution File, Format Version 12.00
# Visual Studio Version 17
VisualStudioVersion = 17.7.34302.85
MinimumVisualStudioVersion = 10.0.40219.1
Project("{FAE04EC0-301F-11D3-BF4B-00C04F79EFBC}") = "damdari", "damdari\damdari.csproj", "{D30188FC-078E-4854-9904-9FA5CDAFA750}"
EndProject
Global
	GlobalSection(SolutionConfigurationPlatforms) = preSolution
		Debug|Any CPU = Debug|Any CPU
		Release|Any CPU = Release|Any CPU
	EndGlobalSection
	GlobalSection(ProjectConfigurationPlatforms) = postSolution
		{D30188FC-078E-4854-9904-9FA5CDAFA750}.Debug|Any CPU.ActiveCfg = Debug|Any CPU
		{D30188FC-078E-4854-9904-9FA5CDAFA750}.Debug|Any CPU.Build.0 = Debug|Any CPU
		{D30188FC-078E-4854-9904-9FA5CDAFA750}.Release|Any CPU.ActiveCfg = Release|Any CPU
		{D30188FC-078E-4854-9904-9FA5CDAFA750}.Release|Any CPU.Build.0 = Release|Any CPU
	EndGlobalSection
	GlobalSection(SolutionProperties) = preSolution
		HideSolutionNode = FALSE
	EndGlobalSection
	GlobalSection(ExtensibilityGlobals) = postSolution
		SolutionGuid = {9525B168-9C95-4FCB-89A8-8177AA5D842E}
	EndGlobalSection
EndGlobal
